
Microsoft Visual Studio Solution File, Format Version 12.00
# Visual Studio 15
VisualStudioVersion = 15.0.28307.438
MinimumVisualStudioVersion = 10.0.40219.1
Project("{8BC9CEB8-8B4A-11D0-8D11-00A0C91BC942}") = "NueralNetworks", "NueralNetworks\NueralNetworks.vcxproj", "{5B3983DD-E14D-4319-95BF-B283FF9F94F8}"
EndProject
Global
	GlobalSection(SolutionConfigurationPlatforms) = preSolution
		Debug|x64 = Debug|x64
		Debug|x86 = Debug|x86
		GPGPU|x64 = GPGPU|x64
		GPGPU|x86 = GPGPU|x86
		Release|x64 = Release|x64
		Release|x86 = Release|x86
	EndGlobalSection
	GlobalSection(ProjectConfigurationPlatforms) = postSolution
		{5B3983DD-E14D-4319-95BF-B283FF9F94F8}.Debug|x64.ActiveCfg = Debug|x64
		{5B3983DD-E14D-4319-95BF-B283FF9F94F8}.Debug|x64.Build.0 = Debug|x64
		{5B3983DD-E14D-4319-95BF-B283FF9F94F8}.Debug|x86.ActiveCfg = Debug|Win32
		{5B3983DD-E14D-4319-95BF-B283FF9F94F8}.Debug|x86.Build.0 = Debug|Win32
		{5B3983DD-E14D-4319-95BF-B283FF9F94F8}.GPGPU|x64.ActiveCfg = GPGPU|x64
		{5B3983DD-E14D-4319-95BF-B283FF9F94F8}.GPGPU|x64.Build.0 = GPGPU|x64
		{5B3983DD-E14D-4319-95BF-B283FF9F94F8}.GPGPU|x86.ActiveCfg = GPGPU|Win32
		{5B3983DD-E14D-4319-95BF-B283FF9F94F8}.GPGPU|x86.Build.0 = GPGPU|Win32
		{5B3983DD-E14D-4319-95BF-B283FF9F94F8}.Release|x64.ActiveCfg = Release|x64
		{5B3983DD-E14D-4319-95BF-B283FF9F94F8}.Release|x64.Build.0 = Release|x64
		{5B3983DD-E14D-4319-95BF-B283FF9F94F8}.Release|x86.ActiveCfg = Release|Win32
		{5B3983DD-E14D-4319-95BF-B283FF9F94F8}.Release|x86.Build.0 = Release|Win32
	EndGlobalSection
	GlobalSection(SolutionProperties) = preSolution
		HideSolutionNode = FALSE
	EndGlobalSection
	GlobalSection(ExtensibilityGlobals) = postSolution
		SolutionGuid = {0805CE37-2A79-46FC-97E9-AA563165A524}
	EndGlobalSection
EndGlobal
